
Microsoft Visual Studio Solution File, Format Version 12.00
# Visual Studio 2013
VisualStudioVersion = 12.0.30501.0
MinimumVisualStudioVersion = 10.0.40219.1
Project("{8BC9CEB8-8B4A-11D0-8D11-00A0C91BC942}") = "Lab1", "Lab1.vcxproj", "{E94A476F-565D-4FC2-BB49-967CC6ABD814}"
EndProject
Global
	GlobalSection(SolutionConfigurationPlatforms) = preSolution
		Debug|Win32 = Debug|Win32
		Release|Win32 = Release|Win32
	EndGlobalSection
	GlobalSection(ProjectConfigurationPlatforms) = postSolution
		{E94A476F-565D-4FC2-BB49-967CC6ABD814}.Debug|Win32.ActiveCfg = Debug|Win32
		{E94A476F-565D-4FC2-BB49-967CC6ABD814}.Debug|Win32.Build.0 = Debug|Win32
		{E94A476F-565D-4FC2-BB49-967CC6ABD814}.Release|Win32.ActiveCfg = Release|Win32
		{E94A476F-565D-4FC2-BB49-967CC6ABD814}.Release|Win32.Build.0 = Release|Win32
	EndGlobalSection
	GlobalSection(SolutionProperties) = preSolution
		HideSolutionNode = FALSE
	EndGlobalSection
EndGlobal
